
Microsoft Visual Studio Solution File, Format Version 12.00
# Visual Studio Version 17
VisualStudioVersion = 17.7.34202.233
MinimumVisualStudioVersion = 10.0.40219.1
Project("{FAE04EC0-301F-11D3-BF4B-00C04F79EFBC}") = "ProjektKnihovna", "ProjektKnihovna\ProjektKnihovna.csproj", "{44B80FF5-0A79-4200-A544-5931B87A6E86}"
EndProject
Global
	GlobalSection(SolutionConfigurationPlatforms) = preSolution
		Debug|Any CPU = Debug|Any CPU
		Release|Any CPU = Release|Any CPU
	EndGlobalSection
	GlobalSection(ProjectConfigurationPlatforms) = postSolution
		{44B80FF5-0A79-4200-A544-5931B87A6E86}.Debug|Any CPU.ActiveCfg = Debug|Any CPU
		{44B80FF5-0A79-4200-A544-5931B87A6E86}.Debug|Any CPU.Build.0 = Debug|Any CPU
		{44B80FF5-0A79-4200-A544-5931B87A6E86}.Release|Any CPU.ActiveCfg = Release|Any CPU
		{44B80FF5-0A79-4200-A544-5931B87A6E86}.Release|Any CPU.Build.0 = Release|Any CPU
	EndGlobalSection
	GlobalSection(SolutionProperties) = preSolution
		HideSolutionNode = FALSE
	EndGlobalSection
	GlobalSection(ExtensibilityGlobals) = postSolution
		SolutionGuid = {FD761604-EB9B-4BEF-B822-824008A6B886}
	EndGlobalSection
EndGlobal
